
Microsoft Visual Studio Solution File, Format Version 10.00
# Visual Studio 2008
Project("{8BC9CEB8-8B4A-11D0-8D11-00A0C91BC942}") = "sakepsp2prodg", "sakepsp2prodg.vcproj", "{5FAF12DC-1C0E-4F1D-989F-0C9864CC01FD}"
EndProject
Global
	GlobalSection(SolutionConfigurationPlatforms) = preSolution
		PSP2 Debug|Win32 = PSP2 Debug|Win32
		PSP2 Release|Win32 = PSP2 Release|Win32
	EndGlobalSection
	GlobalSection(ProjectConfigurationPlatforms) = postSolution
		{5FAF12DC-1C0E-4F1D-989F-0C9864CC01FD}.PSP2 Debug|Win32.ActiveCfg = PSP2 Debug|Win32
		{5FAF12DC-1C0E-4F1D-989F-0C9864CC01FD}.PSP2 Debug|Win32.Build.0 = PSP2 Debug|Win32
		{5FAF12DC-1C0E-4F1D-989F-0C9864CC01FD}.PSP2 Release|Win32.ActiveCfg = PSP2 Release|Win32
		{5FAF12DC-1C0E-4F1D-989F-0C9864CC01FD}.PSP2 Release|Win32.Build.0 = PSP2 Release|Win32
	EndGlobalSection
	GlobalSection(SolutionProperties) = preSolution
		HideSolutionNode = FALSE
	EndGlobalSection
EndGlobal
