
Microsoft Visual Studio Solution File, Format Version 10.00
# Visual Studio 2008
Project("{8BC9CEB8-8B4A-11D0-8D11-00A0C91BC942}") = "gt2psp2natc", "gt2psp2natc.vcproj", "{F3E31C4E-1B7A-43B0-A749-7FE0B3693C91}"
EndProject
Global
	GlobalSection(SolutionConfigurationPlatforms) = preSolution
		PSP2 Debug|Win32 = PSP2 Debug|Win32
		PSP2 Release|Win32 = PSP2 Release|Win32
	EndGlobalSection
	GlobalSection(ProjectConfigurationPlatforms) = postSolution
		{F3E31C4E-1B7A-43B0-A749-7FE0B3693C91}.PSP2 Debug|Win32.ActiveCfg = PSP2 Debug|Win32
		{F3E31C4E-1B7A-43B0-A749-7FE0B3693C91}.PSP2 Debug|Win32.Build.0 = PSP2 Debug|Win32
		{F3E31C4E-1B7A-43B0-A749-7FE0B3693C91}.PSP2 Release|Win32.ActiveCfg = PSP2 Release|Win32
		{F3E31C4E-1B7A-43B0-A749-7FE0B3693C91}.PSP2 Release|Win32.Build.0 = PSP2 Release|Win32
	EndGlobalSection
	GlobalSection(SolutionProperties) = preSolution
		HideSolutionNode = FALSE
	EndGlobalSection
EndGlobal
